
Microsoft Visual Studio Solution File, Format Version 12.00
# Visual Studio Version 17
VisualStudioVersion = 17.0.31919.166
MinimumVisualStudioVersion = 10.0.40219.1
Project("{9A19103F-16F7-4668-BE54-9A1E7A4F7556}") = "Discord.InviteFilter", "Discord.InviteFilter\Discord.InviteFilter.csproj", "{3847DE1E-DA7B-476E-8B5F-BDC7A8559B83}"
EndProject
Project("{9A19103F-16F7-4668-BE54-9A1E7A4F7556}") = "Discord.InviteFilter.Samples", "Discord.InviteFilter.Samples\Discord.InviteFilter.Samples.csproj", "{080494C9-0278-48F5-A3F4-A7494D716D56}"
EndProject
Global
	GlobalSection(SolutionConfigurationPlatforms) = preSolution
		Debug|Any CPU = Debug|Any CPU
		Release|Any CPU = Release|Any CPU
	EndGlobalSection
	GlobalSection(ProjectConfigurationPlatforms) = postSolution
		{3847DE1E-DA7B-476E-8B5F-BDC7A8559B83}.Debug|Any CPU.ActiveCfg = Debug|Any CPU
		{3847DE1E-DA7B-476E-8B5F-BDC7A8559B83}.Debug|Any CPU.Build.0 = Debug|Any CPU
		{3847DE1E-DA7B-476E-8B5F-BDC7A8559B83}.Release|Any CPU.ActiveCfg = Release|Any CPU
		{3847DE1E-DA7B-476E-8B5F-BDC7A8559B83}.Release|Any CPU.Build.0 = Release|Any CPU
		{080494C9-0278-48F5-A3F4-A7494D716D56}.Debug|Any CPU.ActiveCfg = Debug|Any CPU
		{080494C9-0278-48F5-A3F4-A7494D716D56}.Debug|Any CPU.Build.0 = Debug|Any CPU
		{080494C9-0278-48F5-A3F4-A7494D716D56}.Release|Any CPU.ActiveCfg = Release|Any CPU
		{080494C9-0278-48F5-A3F4-A7494D716D56}.Release|Any CPU.Build.0 = Release|Any CPU
	EndGlobalSection
	GlobalSection(SolutionProperties) = preSolution
		HideSolutionNode = FALSE
	EndGlobalSection
	GlobalSection(ExtensibilityGlobals) = postSolution
		SolutionGuid = {317DA195-D199-4ACE-A0AB-2C3A26C393F7}
	EndGlobalSection
EndGlobal
